
Microsoft Visual Studio Solution File, Format Version 12.00
# Visual Studio Version 17
VisualStudioVersion = 17.3.32819.101
MinimumVisualStudioVersion = 10.0.40219.1
Project("{8BC9CEB8-8B4A-11D0-8D11-00A0C91BC942}") = "Chap5_Stack", "Chap5_Stack\Chap5_Stack.vcxproj", "{85285276-71D4-49CB-B9F4-7A34523688D9}"
EndProject
Global
	GlobalSection(SolutionConfigurationPlatforms) = preSolution
		Debug|x64 = Debug|x64
		Debug|x86 = Debug|x86
		Release|x64 = Release|x64
		Release|x86 = Release|x86
	EndGlobalSection
	GlobalSection(ProjectConfigurationPlatforms) = postSolution
		{85285276-71D4-49CB-B9F4-7A34523688D9}.Debug|x64.ActiveCfg = Debug|x64
		{85285276-71D4-49CB-B9F4-7A34523688D9}.Debug|x64.Build.0 = Debug|x64
		{85285276-71D4-49CB-B9F4-7A34523688D9}.Debug|x86.ActiveCfg = Debug|Win32
		{85285276-71D4-49CB-B9F4-7A34523688D9}.Debug|x86.Build.0 = Debug|Win32
		{85285276-71D4-49CB-B9F4-7A34523688D9}.Release|x64.ActiveCfg = Release|x64
		{85285276-71D4-49CB-B9F4-7A34523688D9}.Release|x64.Build.0 = Release|x64
		{85285276-71D4-49CB-B9F4-7A34523688D9}.Release|x86.ActiveCfg = Release|Win32
		{85285276-71D4-49CB-B9F4-7A34523688D9}.Release|x86.Build.0 = Release|Win32
	EndGlobalSection
	GlobalSection(SolutionProperties) = preSolution
		HideSolutionNode = FALSE
	EndGlobalSection
	GlobalSection(ExtensibilityGlobals) = postSolution
		SolutionGuid = {6E3D8BDC-798A-46E6-B825-2ADC9598DDDA}
	EndGlobalSection
EndGlobal
